
Microsoft Visual Studio Solution File, Format Version 12.00
# Visual Studio 15
VisualStudioVersion = 15.0.27428.1
MinimumVisualStudioVersion = 10.0.40219.1
Project("{FAE04EC0-301F-11D3-BF4B-00C04F79EFBC}") = "TomaszDyskoLab7Zad1", "TomaszDyskoLab7Zad1\TomaszDyskoLab7Zad1.csproj", "{A88040ED-A5D0-40DB-A90C-A2E712E366A1}"
EndProject
Global
	GlobalSection(SolutionConfigurationPlatforms) = preSolution
		Debug|Any CPU = Debug|Any CPU
		Release|Any CPU = Release|Any CPU
	EndGlobalSection
	GlobalSection(ProjectConfigurationPlatforms) = postSolution
		{A88040ED-A5D0-40DB-A90C-A2E712E366A1}.Debug|Any CPU.ActiveCfg = Debug|Any CPU
		{A88040ED-A5D0-40DB-A90C-A2E712E366A1}.Debug|Any CPU.Build.0 = Debug|Any CPU
		{A88040ED-A5D0-40DB-A90C-A2E712E366A1}.Release|Any CPU.ActiveCfg = Release|Any CPU
		{A88040ED-A5D0-40DB-A90C-A2E712E366A1}.Release|Any CPU.Build.0 = Release|Any CPU
	EndGlobalSection
	GlobalSection(SolutionProperties) = preSolution
		HideSolutionNode = FALSE
	EndGlobalSection
	GlobalSection(ExtensibilityGlobals) = postSolution
		SolutionGuid = {5093B2CE-1451-4468-AFF3-7C9DC50DD11E}
	EndGlobalSection
EndGlobal
